
Microsoft Visual Studio Solution File, Format Version 12.00
# Visual Studio Version 16
VisualStudioVersion = 16.0.32510.428
MinimumVisualStudioVersion = 10.0.40219.1
Project("{FAE04EC0-301F-11D3-BF4B-00C04F79EFBC}") = "ProjektOkienkowy", "ProjektOkienkowy.csproj", "{DBEEBC50-6B30-4B2C-8BE2-6A9902B505C3}"
EndProject
Global
	GlobalSection(SolutionConfigurationPlatforms) = preSolution
		Debug|Any CPU = Debug|Any CPU
		Release|Any CPU = Release|Any CPU
	EndGlobalSection
	GlobalSection(ProjectConfigurationPlatforms) = postSolution
		{DBEEBC50-6B30-4B2C-8BE2-6A9902B505C3}.Debug|Any CPU.ActiveCfg = Debug|Any CPU
		{DBEEBC50-6B30-4B2C-8BE2-6A9902B505C3}.Debug|Any CPU.Build.0 = Debug|Any CPU
		{DBEEBC50-6B30-4B2C-8BE2-6A9902B505C3}.Release|Any CPU.ActiveCfg = Release|Any CPU
		{DBEEBC50-6B30-4B2C-8BE2-6A9902B505C3}.Release|Any CPU.Build.0 = Release|Any CPU
	EndGlobalSection
	GlobalSection(SolutionProperties) = preSolution
		HideSolutionNode = FALSE
	EndGlobalSection
	GlobalSection(ExtensibilityGlobals) = postSolution
		SolutionGuid = {64EA3268-CAD5-443F-8881-B0784CBDEC8F}
	EndGlobalSection
EndGlobal
